{
    "name": "react-mapgl-with-deck-geojson-components",
    "version": "0.1.3",
    "lockfileVersion": 1,
    "requires": true,
    "dependencies": {
        "@babel/runtime": {
            "version": "7.10.5",
            "resolved": "https://registry.npmjs.org/@babel/runtime/-/runtime-7.10.5.tgz",
            "integrity": "sha512-otddXKhdNn7d0ptoFRHtMLa8LqDxLYwTjB4nYgM1yy5N6gU/MUf8zqyyLltCH3yAVitBzmwK4us+DD0l/MauAg==",
            "requires": {
                "regenerator-runtime": "^0.13.4"
            }
        },
        "@danmarshall/deckgl-typings": {
            "version": "3.5.0",
            "resolved": "https://registry.npmjs.org/@danmarshall/deckgl-typings/-/deckgl-typings-3.5.0.tgz",
            "integrity": "sha512-YDwHoWxAUQdgSkxdqSp+CFUlzrnat9rEeRKucA8zE78iwUVkmOVCRjOrtVf1CjQuBRWhQbs/7/2V3N9wFc9rtw==",
            "dev": true,
            "requires": {
                "@types/hammerjs": "^2.0.36",
                "@types/react": "*",
                "indefinitely-typed": "^1.1.0"
            }
        },
        "@deck.gl/aggregation-layers": {
            "version": "7.3.9",
            "resolved": "https://registry.npmjs.org/@deck.gl/aggregation-layers/-/aggregation-layers-7.3.9.tgz",
            "integrity": "sha512-XsELqUWCLI1Dd9z9Gatb5gJhSK8qaMYpvd4rddVf4i7lU28phf3fv44BwwBcylW3vKVkG++A3c+bLKx0Ykz5pw==",
            "requires": {
                "d3-hexbin": "^0.2.1"
            }
        },
        "@deck.gl/core": {
            "version": "7.3.9",
            "resolved": "https://registry.npmjs.org/@deck.gl/core/-/core-7.3.9.tgz",
            "integrity": "sha512-Xhkwo/Q8/gFsF8S9aUFS2JDCcHy3DBBT000oKAPQANyef2+sb5pYrbUu8l9SuWboSc9sCHPiaVoPrPFBKyIzkw==",
            "requires": {
                "@loaders.gl/core": "^1.3.4",
                "@loaders.gl/images": "^1.3.4",
                "@luma.gl/addons": "^7.3.2",
                "@luma.gl/core": "^7.3.2",
                "gl-matrix": "^3.0.0",
                "math.gl": "^3.0.0",
                "mjolnir.js": "^2.1.2",
                "probe.gl": "^3.1.1",
                "seer": "^0.2.4",
                "viewport-mercator-project": "^6.1.0"
            },
            "dependencies": {
                "viewport-mercator-project": {
                    "version": "6.2.3",
                    "resolved": "https://registry.npmjs.org/viewport-mercator-project/-/viewport-mercator-project-6.2.3.tgz",
                    "integrity": "sha512-QQb0/qCLlP4DdfbHHSWVYXpghB2wkLIiiZQnoelOB59mXKQSyZVxjreq1S+gaBJFpcGkWEcyVtre0+2y2DTl/Q==",
                    "requires": {
                        "@babel/runtime": "^7.0.0",
                        "gl-matrix": "^3.0.0"
                    }
                }
            }
        },
        "@deck.gl/extensions": {
            "version": "7.3.9",
            "resolved": "https://registry.npmjs.org/@deck.gl/extensions/-/extensions-7.3.9.tgz",
            "integrity": "sha512-4biBsyX5Dv3tqM0Ujh6+obha2C063LkfltcbjasfmwItnDsyoSTNVqEnUjni9n6mVEQ/rirV24OjUOmLP596Vg=="
        },
        "@deck.gl/geo-layers": {
            "version": "7.3.9",
            "resolved": "https://registry.npmjs.org/@deck.gl/geo-layers/-/geo-layers-7.3.9.tgz",
            "integrity": "sha512-ER7XhYPTSwVjn5GS+vs4V7/tVm+81XiNdJiq8BAs+FZbwrgNerpOBypdACYmdfdMomYc90ZgrPAnLDqBkSN+dQ==",
            "requires": {
                "@loaders.gl/3d-tiles": "^1.3.4",
                "@loaders.gl/core": "^1.3.4",
                "@loaders.gl/gltf": "^1.3.4",
                "@math.gl/culling": "^3.0.0",
                "@math.gl/geospatial": "^3.0.0",
                "h3-js": "^3.4.3",
                "long": "^3.2.0",
                "s2-geometry": "^1.2.10"
            }
        },
        "@deck.gl/google-maps": {
            "version": "7.3.9",
            "resolved": "https://registry.npmjs.org/@deck.gl/google-maps/-/google-maps-7.3.9.tgz",
            "integrity": "sha512-QDDNF932bUK1FVjgp5+OFkc+PkpggaZsB0FH6bNNl4NBR7SenPeq6q6Bj/QdVLXlEn4rhPTGeyw1Gu0xStRuxA=="
        },
        "@deck.gl/json": {
            "version": "7.3.9",
            "resolved": "https://registry.npmjs.org/@deck.gl/json/-/json-7.3.9.tgz",
            "integrity": "sha512-t6rzJpCsUoy4YRdLFAgcGgnL/3dccNEo0lR2lpJ50jdRxG3kqO5Z3ZhU9K18jfXM8THIS319CVSjO6TUAeDoaA==",
            "requires": {
                "d3-dsv": "^1.0.8",
                "expression-eval": "^2.0.0"
            }
        },
        "@deck.gl/layers": {
            "version": "7.3.9",
            "resolved": "https://registry.npmjs.org/@deck.gl/layers/-/layers-7.3.9.tgz",
            "integrity": "sha512-bXg9srgh7y/iyAW1HhtuQQOin9N0areoqcodTl67daEyYeAScEjmyKYm1o/75k05hy7kPVQpLFzOadej/x26mQ==",
            "requires": {
                "@loaders.gl/images": "^1.3.4",
                "@mapbox/tiny-sdf": "^1.1.0",
                "earcut": "^2.0.6"
            }
        },
        "@deck.gl/mapbox": {
            "version": "7.3.9",
            "resolved": "https://registry.npmjs.org/@deck.gl/mapbox/-/mapbox-7.3.9.tgz",
            "integrity": "sha512-jNp3JwjeaPdKdqTP2plntJ52D9PgBXm5+DVEoybrSOhZKkfnDGDlQJ6RVfBpp26PU3DPlqFySc9wQqzQIFCyYw=="
        },
        "@deck.gl/mesh-layers": {
            "version": "7.3.9",
            "resolved": "https://registry.npmjs.org/@deck.gl/mesh-layers/-/mesh-layers-7.3.9.tgz",
            "integrity": "sha512-XwDdUi28BxrilkNuMsAmJHD0QdRWxW4vYQcFURtfPw/NO7jm7akQNf1W6pmApyck2HrG4htcTewPDHx7Jg17kg==",
            "requires": {
                "@luma.gl/addons": "^7.3.2"
            }
        },
        "@deck.gl/react": {
            "version": "7.3.9",
            "resolved": "https://registry.npmjs.org/@deck.gl/react/-/react-7.3.9.tgz",
            "integrity": "sha512-26Si//37EBxX6Gbk19m87EMSikJaZjOYC0xcOmsbPva31bkYG7zRf7w2oQd4ii8punh8TIWGNN1PAmkdpTsH8Q==",
            "requires": {
                "prop-types": "^15.6.0"
            }
        },
        "@loaders.gl/3d-tiles": {
            "version": "1.3.7",
            "resolved": "https://registry.npmjs.org/@loaders.gl/3d-tiles/-/3d-tiles-1.3.7.tgz",
            "integrity": "sha512-Z8GJnTR9nl8DM8nMfYYAfU5Q94WUK1yKcCABnLtYhei3tqGgs+UjjDyjs1gKLNmdSqO07R9aa14+wNe1aFnwmg==",
            "requires": {
                "@loaders.gl/core": "1.3.7",
                "@loaders.gl/gltf": "1.3.7",
                "@loaders.gl/loader-utils": "1.3.7",
                "@loaders.gl/math": "1.3.7",
                "@math.gl/culling": "^3.0.0-beta.3",
                "@math.gl/geospatial": "^3.0.0-beta.3",
                "math.gl": "^3.0.0-beta.3",
                "probe.gl": "^3.1.0-beta.3"
            }
        },
        "@loaders.gl/core": {
            "version": "1.3.7",
            "resolved": "https://registry.npmjs.org/@loaders.gl/core/-/core-1.3.7.tgz",
            "integrity": "sha512-dFZkJQc+i2PoqlBMz/aO8Gnn0y6ICafQp8u6cTpCm96h/HHulE8qDBodQlHGHn9EMJDSgVl/zjni+QhqIK31dg==",
            "requires": {
                "@babel/runtime": "^7.3.1"
            }
        },
        "@loaders.gl/gltf": {
            "version": "1.3.7",
            "resolved": "https://registry.npmjs.org/@loaders.gl/gltf/-/gltf-1.3.7.tgz",
            "integrity": "sha512-GHhnuF1AINHwTxoZWppgxFW6V8UCkZ1sB6dFZs0rVPraAOcoonNZEECHxSdPxcj9mPy8i7mhzq/UZ4MvPYV48w==",
            "requires": {
                "@loaders.gl/core": "1.3.7",
                "@loaders.gl/images": "1.3.7",
                "@loaders.gl/loader-utils": "1.3.7"
            }
        },
        "@loaders.gl/images": {
            "version": "1.3.7",
            "resolved": "https://registry.npmjs.org/@loaders.gl/images/-/images-1.3.7.tgz",
            "integrity": "sha512-TKqW94vjvWc4RIChhr0Yx6HaVTe8K6h6GFeXcahsKeCxq9/k2qpcigRkXfmb6/37dkp2Qy5COHp73ECgN/q+NA=="
        },
        "@loaders.gl/loader-utils": {
            "version": "1.3.7",
            "resolved": "https://registry.npmjs.org/@loaders.gl/loader-utils/-/loader-utils-1.3.7.tgz",
            "integrity": "sha512-fNOuSVDwAOy5ovvkzbRVBcRwk8KTOuzMXxAzBZ2r6bmL4rFb+LOS8eIuODD3WgIDvHtaV56MMOlQE2kyYX52+A==",
            "requires": {
                "@babel/runtime": "^7.3.1"
            }
        },
        "@loaders.gl/math": {
            "version": "1.3.7",
            "resolved": "https://registry.npmjs.org/@loaders.gl/math/-/math-1.3.7.tgz",
            "integrity": "sha512-9LfovsC+Es6pwvnsWZrZRLEn+l75kqdYqZrLTEgDaJ4eMqNtEM4oVYbSZMlVU4ZzC3GMO9A25iYx8ZBhh9o1+Q==",
            "requires": {
                "@loaders.gl/images": "1.3.7",
                "math.gl": "^3.0.0-beta.3"
            }
        },
        "@luma.gl/addons": {
            "version": "7.3.2",
            "resolved": "https://registry.npmjs.org/@luma.gl/addons/-/addons-7.3.2.tgz",
            "integrity": "sha512-ul/iQnrqnhnmVuYo20zrW1FWokKkcnNlqxpRwPolkxFtMsyg5Z+hpxB0dM8buYpCSE0c5ypIsH2AatwXjIMTJA==",
            "requires": {
                "@loaders.gl/gltf": "^1.3.0",
                "@loaders.gl/images": "^1.3.0",
                "@luma.gl/constants": "7.3.2",
                "math.gl": "^3.0.0"
            }
        },
        "@luma.gl/constants": {
            "version": "7.3.2",
            "resolved": "https://registry.npmjs.org/@luma.gl/constants/-/constants-7.3.2.tgz",
            "integrity": "sha512-hr6JOOwsGPjjoHnil4sQ6AWsc8P6XXYtRL10TwNYfFTcNxrhSrjQvutYoCzXHH5U0vfHBfPMMUyLASK9FqiHOA=="
        },
        "@luma.gl/core": {
            "version": "7.3.2",
            "resolved": "https://registry.npmjs.org/@luma.gl/core/-/core-7.3.2.tgz",
            "integrity": "sha512-XyQPSUJRkZcc//gVX0AgjLLNTkCOO68NRnm7RkIhikRBEUdovb4IOcpmWMCB1/Gyj4hzg/Z1FOAVT4pG1E+agw==",
            "requires": {
                "@babel/runtime": "^7.0.0",
                "@luma.gl/constants": "7.3.2",
                "@luma.gl/shadertools": "7.3.2",
                "@luma.gl/webgl": "7.3.2",
                "@luma.gl/webgl-state-tracker": "7.3.2",
                "@luma.gl/webgl2-polyfill": "7.3.2",
                "math.gl": "^3.0.0",
                "probe.gl": "^3.1.1",
                "seer": "^0.2.4"
            }
        },
        "@luma.gl/shadertools": {
            "version": "7.3.2",
            "resolved": "https://registry.npmjs.org/@luma.gl/shadertools/-/shadertools-7.3.2.tgz",
            "integrity": "sha512-GiOZTvdEr164zYFy1DNRc7mzduSWLNJ34s+YbkJ/0i07E6tK7gHgM29QNCZ/gROvUDDJ5CHxngZqGkb+XquOMQ==",
            "requires": {
                "@babel/runtime": "^7.0.0",
                "math.gl": "^3.0.0"
            }
        },
        "@luma.gl/webgl": {
            "version": "7.3.2",
            "resolved": "https://registry.npmjs.org/@luma.gl/webgl/-/webgl-7.3.2.tgz",
            "integrity": "sha512-eWoPPRJOF5xSpqgggdwspsm8exclwxz20c8vqu8D1b3LJTY7cEpq57CMLvITHcJMMJ834TX/r598efTcF76lpw==",
            "requires": {
                "@babel/runtime": "^7.0.0",
                "@luma.gl/constants": "7.3.2",
                "@luma.gl/webgl-state-tracker": "7.3.2",
                "@luma.gl/webgl2-polyfill": "7.3.2",
                "probe.gl": "^3.1.1"
            }
        },
        "@luma.gl/webgl-state-tracker": {
            "version": "7.3.2",
            "resolved": "https://registry.npmjs.org/@luma.gl/webgl-state-tracker/-/webgl-state-tracker-7.3.2.tgz",
            "integrity": "sha512-0LuK3veReSm2UPOiDwC2CRDeE2xk4irqXdhyFO0WSAU1w+YhzbD1hGbjizGczvgfkbz8dFl9h98LbbH75efcKw==",
            "requires": {
                "@babel/runtime": "^7.0.0",
                "@luma.gl/constants": "7.3.2"
            }
        },
        "@luma.gl/webgl2-polyfill": {
            "version": "7.3.2",
            "resolved": "https://registry.npmjs.org/@luma.gl/webgl2-polyfill/-/webgl2-polyfill-7.3.2.tgz",
            "integrity": "sha512-PMt5xqQ+u7tIqfUaL3s4nuWl604WFNcl1F1ohSUFeEzIIuxFiF6gsdEEvC5VqGoMFxI8T4FOTSeHYIr6uP4+4w==",
            "requires": {
                "@babel/runtime": "^7.0.0",
                "@luma.gl/constants": "7.3.2"
            }
        },
        "@mapbox/geojson-rewind": {
            "version": "0.5.0",
            "resolved": "https://registry.npmjs.org/@mapbox/geojson-rewind/-/geojson-rewind-0.5.0.tgz",
            "integrity": "sha512-73l/qJQgj/T/zO1JXVfuVvvKDgikD/7D/rHAD28S9BG1OTstgmftrmqfCx4U+zQAmtsB6HcDA3a7ymdnJZAQgg==",
            "requires": {
                "concat-stream": "~2.0.0",
                "minimist": "^1.2.5"
            }
        },
        "@mapbox/geojson-types": {
            "version": "1.0.2",
            "resolved": "https://registry.npmjs.org/@mapbox/geojson-types/-/geojson-types-1.0.2.tgz",
            "integrity": "sha512-e9EBqHHv3EORHrSfbR9DqecPNn+AmuAoQxV6aL8Xu30bJMJR1o8PZLZzpk1Wq7/NfCbuhmakHTPYRhoqLsXRnw=="
        },
        "@mapbox/jsonlint-lines-primitives": {
            "version": "2.0.2",
            "resolved": "https://registry.npmjs.org/@mapbox/jsonlint-lines-primitives/-/jsonlint-lines-primitives-2.0.2.tgz",
            "integrity": "sha1-zlblOfg1UrWNENZy6k1vya3HsjQ="
        },
        "@mapbox/mapbox-gl-supported": {
            "version": "1.5.0",
            "resolved": "https://registry.npmjs.org/@mapbox/mapbox-gl-supported/-/mapbox-gl-supported-1.5.0.tgz",
            "integrity": "sha512-/PT1P6DNf7vjEEiPkVIRJkvibbqWtqnyGaBz3nfRdcxclNSnSdaLU5tfAgcD7I8Yt5i+L19s406YLl1koLnLbg=="
        },
        "@mapbox/point-geometry": {
            "version": "0.1.0",
            "resolved": "https://registry.npmjs.org/@mapbox/point-geometry/-/point-geometry-0.1.0.tgz",
            "integrity": "sha1-ioP5M1x4YO/6Lu7KJUMyqgru2PI="
        },
        "@mapbox/tiny-sdf": {
            "version": "1.1.1",
            "resolved": "https://registry.npmjs.org/@mapbox/tiny-sdf/-/tiny-sdf-1.1.1.tgz",
            "integrity": "sha512-Ihn1nZcGIswJ5XGbgFAvVumOgWpvIjBX9jiRlIl46uQG9vJOF51ViBYHF95rEZupuyQbEmhLaDPLQlU7fUTsBg=="
        },
        "@mapbox/unitbezier": {
            "version": "0.0.0",
            "resolved": "https://registry.npmjs.org/@mapbox/unitbezier/-/unitbezier-0.0.0.tgz",
            "integrity": "sha1-FWUb1VOme4WB+zmIEMmK2Go0Uk4="
        },
        "@mapbox/vector-tile": {
            "version": "1.3.1",
            "resolved": "https://registry.npmjs.org/@mapbox/vector-tile/-/vector-tile-1.3.1.tgz",
            "integrity": "sha512-MCEddb8u44/xfQ3oD+Srl/tNcQoqTw3goGk2oLsrFxOTc3dUp+kAnby3PvAeeBYSMSjSPD1nd1AJA6W49WnoUw==",
            "requires": {
                "@mapbox/point-geometry": "~0.1.0"
            }
        },
        "@mapbox/whoots-js": {
            "version": "3.1.0",
            "resolved": "https://registry.npmjs.org/@mapbox/whoots-js/-/whoots-js-3.1.0.tgz",
            "integrity": "sha512-Es6WcD0nO5l+2BOQS4uLfNPYQaNDfbot3X1XUoloz+x0mPDS3eeORZJl06HXjwBG1fOGwCRnzK88LMdxKRrd6Q=="
        },
        "@math.gl/core": {
            "version": "3.2.2",
            "resolved": "https://registry.npmjs.org/@math.gl/core/-/core-3.2.2.tgz",
            "integrity": "sha512-R1UQwg699pfReLHy0N+ach2KdGqH4XsniEPKM7H0WbeDhEvuoMRWB9oNtIw9qPQV39lBv3Dzplaw5DPscwgMPQ==",
            "requires": {
                "@babel/runtime": "^7.0.0",
                "gl-matrix": "^3.0.0"
            }
        },
        "@math.gl/culling": {
            "version": "3.2.2",
            "resolved": "https://registry.npmjs.org/@math.gl/culling/-/culling-3.2.2.tgz",
            "integrity": "sha512-j3Y0FLqyk0FKmL7JX8zONP2jdhG6KAPLcipnAfwVKMfDsbAHddbMm7iUNqWsXy9txd8k3KUs/TgFz3xDIz/KBQ==",
            "requires": {
                "@babel/runtime": "^7.0.0",
                "@math.gl/core": "3.2.2",
                "gl-matrix": "^3.0.0"
            }
        },
        "@math.gl/geospatial": {
            "version": "3.2.2",
            "resolved": "https://registry.npmjs.org/@math.gl/geospatial/-/geospatial-3.2.2.tgz",
            "integrity": "sha512-pQUMd6DPK3+j72A914wCeS+G3hdnVDnn4W+u+0FexmeyXhbegV0UcEh+NVDh3Q3T3aXc6O1kzNta0RWC3mLngw==",
            "requires": {
                "@babel/runtime": "^7.0.0",
                "@math.gl/core": "3.2.2",
                "gl-matrix": "^3.0.0"
            }
        },
        "@math.gl/web-mercator": {
            "version": "3.2.2",
            "resolved": "https://registry.npmjs.org/@math.gl/web-mercator/-/web-mercator-3.2.2.tgz",
            "integrity": "sha512-uZbLlST7gbfJV227Ev1oShpYQGon9Nk/i0AoM81mVoEYtd+XxKuoDBYaRIdPNVkkALwF9xFG1lwxHqblrs3v5w==",
            "requires": {
                "@babel/runtime": "^7.0.0",
                "gl-matrix": "^3.0.0"
            }
        },
        "@probe.gl/stats": {
            "version": "3.3.0",
            "resolved": "https://registry.npmjs.org/@probe.gl/stats/-/stats-3.3.0.tgz",
            "integrity": "sha512-CV4c3EgallqZTO88u34/u9L5asL0nCVP1BEkb4qcXlh8Qz2Vmygbyjz1ViQsct6rSi2lJ52lo6W0PnlpZJJvcA==",
            "requires": {
                "@babel/runtime": "^7.0.0"
            }
        },
        "@turf/bbox": {
            "version": "6.0.1",
            "resolved": "https://registry.npmjs.org/@turf/bbox/-/bbox-6.0.1.tgz",
            "integrity": "sha512-EGgaRLettBG25Iyx7VyUINsPpVj1x3nFQFiGS3ER8KCI1MximzNLsam3eXRabqQDjyAKyAE1bJ4EZEpGvspQxw==",
            "requires": {
                "@turf/helpers": "6.x",
                "@turf/meta": "6.x"
            }
        },
        "@turf/helpers": {
            "version": "6.1.4",
            "resolved": "https://registry.npmjs.org/@turf/helpers/-/helpers-6.1.4.tgz",
            "integrity": "sha512-vJvrdOZy1ngC7r3MDA7zIGSoIgyrkWcGnNIEaqn/APmw+bVLF2gAW7HIsdTxd12s5wQMqEpqIQrmrbRRZ0xC7g=="
        },
        "@turf/meta": {
            "version": "6.0.2",
            "resolved": "https://registry.npmjs.org/@turf/meta/-/meta-6.0.2.tgz",
            "integrity": "sha512-VA7HJkx7qF1l3+GNGkDVn2oXy4+QoLP6LktXAaZKjuT1JI0YESat7quUkbCMy4zP9lAUuvS4YMslLyTtr919FA==",
            "requires": {
                "@turf/helpers": "6.x"
            }
        },
        "@types/geojson": {
            "version": "7946.0.7",
            "resolved": "https://registry.npmjs.org/@types/geojson/-/geojson-7946.0.7.tgz",
            "integrity": "sha512-wE2v81i4C4Ol09RtsWFAqg3BUitWbHSpSlIo+bNdsCJijO9sjme+zm+73ZMCa/qMC8UEERxzGbvmr1cffo2SiQ==",
            "dev": true
        },
        "@types/gl-matrix": {
            "version": "2.4.5",
            "resolved": "https://registry.npmjs.org/@types/gl-matrix/-/gl-matrix-2.4.5.tgz",
            "integrity": "sha512-0L8Mq1+oaIW0oVzGUDbSW+HnTjCNb4CmoIQE5BkoHt/A7x20z0MJ1PnwfH3atty/vbWLGgvJwVu2Mz3SKFiEFw==",
            "dev": true
        },
        "@types/hammerjs": {
            "version": "2.0.36",
            "resolved": "https://registry.npmjs.org/@types/hammerjs/-/hammerjs-2.0.36.tgz",
            "integrity": "sha512-7TUK/k2/QGpEAv/BCwSHlYu3NXZhQ9ZwBYpzr9tjlPIL2C5BeGhH3DmVavRx3ZNyELX5TLC91JTz/cen6AAtIQ==",
            "dev": true
        },
        "@types/mapbox-gl": {
            "version": "1.11.1",
            "resolved": "https://registry.npmjs.org/@types/mapbox-gl/-/mapbox-gl-1.11.1.tgz",
            "integrity": "sha512-dkcnCkwm3Eb2LioVUTi21LUOyaa97sAQKZ+qn6DCAkP+C2gm514hCLvm3hfHsTWGBaZuFgHoYYZbPQ/LCrwkaw==",
            "dev": true,
            "requires": {
                "@types/geojson": "*"
            }
        },
        "@types/node": {
            "version": "13.1.2",
            "resolved": "https://registry.npmjs.org/@types/node/-/node-13.1.2.tgz",
            "integrity": "sha512-B8emQA1qeKerqd1dmIsQYnXi+mmAzTB7flExjmy5X1aVAKFNNNDubkavwR13kR6JnpeLp3aLoJhwn9trWPAyFQ==",
            "dev": true
        },
        "@types/prop-types": {
            "version": "15.7.3",
            "resolved": "https://registry.npmjs.org/@types/prop-types/-/prop-types-15.7.3.tgz",
            "integrity": "sha512-KfRL3PuHmqQLOG+2tGpRO26Ctg+Cq1E01D2DMriKEATHgWLfeNDmq9e29Q9WIky0dQ3NPkd1mzYH8Lm936Z9qw==",
            "dev": true
        },
        "@types/react": {
            "version": "16.8.23",
            "resolved": "https://registry.npmjs.org/@types/react/-/react-16.8.23.tgz",
            "integrity": "sha512-abkEOIeljniUN9qB5onp++g0EY38h7atnDHxwKUFz1r3VH1+yG1OKi2sNPTyObL40goBmfKFpdii2lEzwLX1cA==",
            "dev": true,
            "requires": {
                "@types/prop-types": "*",
                "csstype": "^2.2.0"
            }
        },
        "@types/react-dom": {
            "version": "16.8.4",
            "resolved": "https://registry.npmjs.org/@types/react-dom/-/react-dom-16.8.4.tgz",
            "integrity": "sha512-eIRpEW73DCzPIMaNBDP5pPIpK1KXyZwNgfxiVagb5iGiz6da+9A5hslSX6GAQKdO7SayVCS/Fr2kjqprgAvkfA==",
            "dev": true,
            "requires": {
                "@types/react": "*"
            }
        },
        "@types/react-map-gl": {
            "version": "5.2.0",
            "resolved": "https://registry.npmjs.org/@types/react-map-gl/-/react-map-gl-5.2.0.tgz",
            "integrity": "sha512-Bb0dKBa45hIIQEmXLnKOQjPu45WkQOKK4Zzp10kbLazlx+ZzlbbSNVBarv5s4iUAXmocdZS4lE9OmYjtmqmicw==",
            "dev": true,
            "requires": {
                "@types/geojson": "*",
                "@types/mapbox-gl": "*",
                "@types/react": "*",
                "@types/viewport-mercator-project": "*"
            }
        },
        "@types/viewport-mercator-project": {
            "version": "6.1.0",
            "resolved": "https://registry.npmjs.org/@types/viewport-mercator-project/-/viewport-mercator-project-6.1.0.tgz",
            "integrity": "sha512-wbdVb9Uvb9dX/EAtugpD3tMqsBVFQqVFYNdK5B7wUhZHK8G2gMWd+wq14JEn2h96Yq4trDQrpWVna8S8FTLM8A==",
            "dev": true,
            "requires": {
                "@types/gl-matrix": "*"
            }
        },
        "buffer-from": {
            "version": "1.1.1",
            "resolved": "https://registry.npmjs.org/buffer-from/-/buffer-from-1.1.1.tgz",
            "integrity": "sha512-MQcXEUbCKtEo7bhqEs6560Hyd4XaovZlO/k9V3hjVUF/zwW7KBVdSK4gIt/bzwS9MbR5qob+F5jusZsb0YQK2A=="
        },
        "commander": {
            "version": "2.20.3",
            "resolved": "https://registry.npmjs.org/commander/-/commander-2.20.3.tgz",
            "integrity": "sha512-GpVkmM8vF2vQUkj2LvZmD35JxeJOLCwJ9cUkugyk2nuhbv3+mJvpLYYt+0+USMxE+oj+ey/lJEnhZw75x/OMcQ=="
        },
        "concat-stream": {
            "version": "2.0.0",
            "resolved": "https://registry.npmjs.org/concat-stream/-/concat-stream-2.0.0.tgz",
            "integrity": "sha512-MWufYdFw53ccGjCA+Ol7XJYpAlW6/prSMzuPOTRnJGcGzuhLn4Scrz7qf6o8bROZ514ltazcIFJZevcfbo0x7A==",
            "requires": {
                "buffer-from": "^1.0.0",
                "inherits": "^2.0.3",
                "readable-stream": "^3.0.2",
                "typedarray": "^0.0.6"
            }
        },
        "csscolorparser": {
            "version": "1.0.3",
            "resolved": "https://registry.npmjs.org/csscolorparser/-/csscolorparser-1.0.3.tgz",
            "integrity": "sha1-s085HupNqPPpgjHizNjfnAQfFxs="
        },
        "csstype": {
            "version": "2.6.11",
            "resolved": "https://registry.npmjs.org/csstype/-/csstype-2.6.11.tgz",
            "integrity": "sha512-l8YyEC9NBkSm783PFTvh0FmJy7s5pFKrDp49ZL7zBGX3fWkO+N4EEyan1qqp8cwPLDcD0OSdyY6hAMoxp34JFw==",
            "dev": true
        },
        "d3-dsv": {
            "version": "1.2.0",
            "resolved": "https://registry.npmjs.org/d3-dsv/-/d3-dsv-1.2.0.tgz",
            "integrity": "sha512-9yVlqvZcSOMhCYzniHE7EVUws7Fa1zgw+/EAV2BxJoG3ME19V6BQFBwI855XQDsxyOuG7NibqRMTtiF/Qup46g==",
            "requires": {
                "commander": "2",
                "iconv-lite": "0.4",
                "rw": "1"
            }
        },
        "d3-hexbin": {
            "version": "0.2.2",
            "resolved": "https://registry.npmjs.org/d3-hexbin/-/d3-hexbin-0.2.2.tgz",
            "integrity": "sha1-nFg32s/UcasFM3qeke8Qv8T5iDE="
        },
        "deck.gl": {
            "version": "7.3.9",
            "resolved": "https://registry.npmjs.org/deck.gl/-/deck.gl-7.3.9.tgz",
            "integrity": "sha512-n4AkWQK80IoW1mMjvL+0BqG13hiSIQQilnKKY42zgVnjmXA5eSZBSSbyAFP+maBmLhjfwonsF19Q/yXa+Kb4Ag==",
            "requires": {
                "@deck.gl/aggregation-layers": "7.3.9",
                "@deck.gl/core": "7.3.9",
                "@deck.gl/extensions": "7.3.9",
                "@deck.gl/geo-layers": "7.3.9",
                "@deck.gl/google-maps": "7.3.9",
                "@deck.gl/json": "7.3.9",
                "@deck.gl/layers": "7.3.9",
                "@deck.gl/mapbox": "7.3.9",
                "@deck.gl/mesh-layers": "7.3.9",
                "@deck.gl/react": "7.3.9"
            }
        },
        "earcut": {
            "version": "2.2.2",
            "resolved": "https://registry.npmjs.org/earcut/-/earcut-2.2.2.tgz",
            "integrity": "sha512-eZoZPPJcUHnfRZ0PjLvx2qBordSiO8ofC3vt+qACLM95u+4DovnbYNpQtJh0DNsWj8RnxrQytD4WA8gj5cRIaQ=="
        },
        "expression-eval": {
            "version": "2.1.0",
            "resolved": "https://registry.npmjs.org/expression-eval/-/expression-eval-2.1.0.tgz",
            "integrity": "sha512-FUJO/Akvl/JOWkvlqZaqbkhsEWlCJWDeZG4tzX96UH68D9FeRgYgtb55C2qtqbORC0Q6x5419EDjWu4IT9kQfg==",
            "requires": {
                "jsep": "^0.3.0"
            }
        },
        "fs-extra": {
            "version": "7.0.1",
            "resolved": "https://registry.npmjs.org/fs-extra/-/fs-extra-7.0.1.tgz",
            "integrity": "sha512-YJDaCJZEnBmcbw13fvdAM9AwNOJwOzrE4pqMqBq5nFiEqXUqHwlK4B+3pUw6JNvfSPtX05xFHtYy/1ni01eGCw==",
            "dev": true,
            "requires": {
                "graceful-fs": "^4.1.2",
                "jsonfile": "^4.0.0",
                "universalify": "^0.1.0"
            }
        },
        "geojson-vt": {
            "version": "3.2.1",
            "resolved": "https://registry.npmjs.org/geojson-vt/-/geojson-vt-3.2.1.tgz",
            "integrity": "sha512-EvGQQi/zPrDA6zr6BnJD/YhwAkBP8nnJ9emh3EnHQKVMfg/MRVtPbMYdgVy/IaEmn4UfagD2a6fafPDL5hbtwg=="
        },
        "gl-matrix": {
            "version": "3.3.0",
            "resolved": "https://registry.npmjs.org/gl-matrix/-/gl-matrix-3.3.0.tgz",
            "integrity": "sha512-COb7LDz+SXaHtl/h4LeaFcNdJdAQSDeVqjiIihSXNrkWObZLhDI4hIkZC11Aeqp7bcE72clzB0BnDXr2SmslRA=="
        },
        "graceful-fs": {
            "version": "4.2.4",
            "resolved": "https://registry.npmjs.org/graceful-fs/-/graceful-fs-4.2.4.tgz",
            "integrity": "sha512-WjKPNJF79dtJAVniUlGGWHYGz2jWxT6VhN/4m1NdkbZ2nOsEF+cI1Edgql5zCRhs/VsQYRvrXctxktVXZUkixw==",
            "dev": true
        },
        "grid-index": {
            "version": "1.1.0",
            "resolved": "https://registry.npmjs.org/grid-index/-/grid-index-1.1.0.tgz",
            "integrity": "sha512-HZRwumpOGUrHyxO5bqKZL0B0GlUpwtCAzZ42sgxUPniu33R1LSFH5yrIcBCHjkctCAh3mtWKcKd9J4vDDdeVHA=="
        },
        "h3-js": {
            "version": "3.6.4",
            "resolved": "https://registry.npmjs.org/h3-js/-/h3-js-3.6.4.tgz",
            "integrity": "sha512-wMu0Y+vdh4xx2WT1jqy4QDBgJupjBfHsGaMtMsFocdZdIsfxLFufzjGcmReOSfKQ+twRO2XjXAmDY9h1nq99EA=="
        },
        "hammerjs": {
            "version": "2.0.8",
            "resolved": "https://registry.npmjs.org/hammerjs/-/hammerjs-2.0.8.tgz",
            "integrity": "sha1-BO93hiz/K7edMPdpIJWTAiK/YPE="
        },
        "iconv-lite": {
            "version": "0.4.24",
            "resolved": "https://registry.npmjs.org/iconv-lite/-/iconv-lite-0.4.24.tgz",
            "integrity": "sha512-v3MXnZAcvnywkTUEZomIActle7RXXeedOR31wwl7VlyoXO4Qi9arvSenNQWne1TcRwhCL1HwLI21bEqdpj8/rA==",
            "requires": {
                "safer-buffer": ">= 2.1.2 < 3"
            }
        },
        "ieee754": {
            "version": "1.1.13",
            "resolved": "https://registry.npmjs.org/ieee754/-/ieee754-1.1.13.tgz",
            "integrity": "sha512-4vf7I2LYV/HaWerSo3XmlMkp5eZ83i+/CDluXi/IGTs/O1sejBNhTtnxzmRZfvOUqj7lZjqHkeTvpgSFDlWZTg=="
        },
        "indefinitely-typed": {
            "version": "1.1.0",
            "resolved": "https://registry.npmjs.org/indefinitely-typed/-/indefinitely-typed-1.1.0.tgz",
            "integrity": "sha512-giaI0hCj+wWZIZZLsmWHI+LrM4Hwc+rEZ/VrgCafKePcnE42fLnQTFt4xspqLin8fCjI5WnQr2fep/0EFqjaxw==",
            "dev": true,
            "requires": {
                "fs-extra": "^7.0.0",
                "minimist": "^1.2.5"
            }
        },
        "inherits": {
            "version": "2.0.4",
            "resolved": "https://registry.npmjs.org/inherits/-/inherits-2.0.4.tgz",
            "integrity": "sha512-k/vGaX4/Yla3WzyMCvTQOXYeIHvqOKtnqBduzTHpzpQZzAskKMhZ2K+EnBiSM9zGSoIFeMpXKxa4dYeZIQqewQ=="
        },
        "js-tokens": {
            "version": "4.0.0",
            "resolved": "https://registry.npmjs.org/js-tokens/-/js-tokens-4.0.0.tgz",
            "integrity": "sha512-RdJUflcE3cUzKiMqQgsCu06FPu9UdIJO0beYbPhHN4k6apgJtifcoCtT9bcxOpYBtpD2kCM6Sbzg4CausW/PKQ=="
        },
        "jsep": {
            "version": "0.3.4",
            "resolved": "https://registry.npmjs.org/jsep/-/jsep-0.3.4.tgz",
            "integrity": "sha512-ovGD9wE+wvudIIYxZGrRcZCxNyZ3Cl1N7Bzyp7/j4d/tA0BaUwcVM9bu0oZaSrefMiNwv6TwZ9X15gvZosteCQ=="
        },
        "jsonfile": {
            "version": "4.0.0",
            "resolved": "https://registry.npmjs.org/jsonfile/-/jsonfile-4.0.0.tgz",
            "integrity": "sha1-h3Gq4HmbZAdrdmQPygWPnBDjPss=",
            "dev": true,
            "requires": {
                "graceful-fs": "^4.1.6"
            }
        },
        "kdbush": {
            "version": "3.0.0",
            "resolved": "https://registry.npmjs.org/kdbush/-/kdbush-3.0.0.tgz",
            "integrity": "sha512-hRkd6/XW4HTsA9vjVpY9tuXJYLSlelnkTmVFu4M9/7MIYQtFcHpbugAU7UbOfjOiVSVYl2fqgBuJ32JUmRo5Ew=="
        },
        "long": {
            "version": "3.2.0",
            "resolved": "https://registry.npmjs.org/long/-/long-3.2.0.tgz",
            "integrity": "sha1-2CG3E4yhy1gcFymQ7xTbIAtcR0s="
        },
        "loose-envify": {
            "version": "1.4.0",
            "resolved": "https://registry.npmjs.org/loose-envify/-/loose-envify-1.4.0.tgz",
            "integrity": "sha512-lyuxPGr/Wfhrlem2CL/UcnUc1zcqKAImBDzukY7Y5F/yQiNdko6+fRLevlw1HgMySw7f611UIY408EtxRSoK3Q==",
            "requires": {
                "js-tokens": "^3.0.0 || ^4.0.0"
            }
        },
        "mapbox-gl": {
            "version": "1.11.1",
            "resolved": "https://registry.npmjs.org/mapbox-gl/-/mapbox-gl-1.11.1.tgz",
            "integrity": "sha512-UjXpPUTUzHTLfhl5dLefwV3Jgu7DN9phpn8RnnkQVe1sOXfVYMS5Vhjn225krhzRc7xnKIBHxLyu0rHZGyeXuQ==",
            "requires": {
                "@mapbox/geojson-rewind": "^0.5.0",
                "@mapbox/geojson-types": "^1.0.2",
                "@mapbox/jsonlint-lines-primitives": "^2.0.2",
                "@mapbox/mapbox-gl-supported": "^1.5.0",
                "@mapbox/point-geometry": "^0.1.0",
                "@mapbox/tiny-sdf": "^1.1.1",
                "@mapbox/unitbezier": "^0.0.0",
                "@mapbox/vector-tile": "^1.3.1",
                "@mapbox/whoots-js": "^3.1.0",
                "csscolorparser": "~1.0.3",
                "earcut": "^2.2.2",
                "geojson-vt": "^3.2.1",
                "gl-matrix": "^3.2.1",
                "grid-index": "^1.1.0",
                "minimist": "^1.2.5",
                "murmurhash-js": "^1.0.0",
                "pbf": "^3.2.1",
                "potpack": "^1.0.1",
                "quickselect": "^2.0.0",
                "rw": "^1.3.3",
                "supercluster": "^7.1.0",
                "tinyqueue": "^2.0.3",
                "vt-pbf": "^3.1.1"
            }
        },
        "math.gl": {
            "version": "3.2.2",
            "resolved": "https://registry.npmjs.org/math.gl/-/math.gl-3.2.2.tgz",
            "integrity": "sha512-lkM9y3DirpOBMpCCrsOMV3AWkxtwql8fvF98EUN0SLOMWAIjnkQBS9NPleN5uvqpnjSVZd3Y3cn+fbIuA4npmQ==",
            "requires": {
                "@math.gl/core": "3.2.2"
            }
        },
        "minimist": {
            "version": "1.2.5",
            "resolved": "https://registry.npmjs.org/minimist/-/minimist-1.2.5.tgz",
            "integrity": "sha512-FM9nNUYrRBAELZQT3xeZQ7fmMOBg6nWNmJKTcgsJeaLstP/UODVpGsr5OhXhhXg6f+qtJ8uiZ+PUxkDWcgIXLw=="
        },
        "mjolnir.js": {
            "version": "2.4.1",
            "resolved": "https://registry.npmjs.org/mjolnir.js/-/mjolnir.js-2.4.1.tgz",
            "integrity": "sha512-bpqKc70aNlijeQCapJ8529EmjVj8VSfYdzh1WsbhWp0XEQSm9hAB6X350OyRVDpH5oTdAyX/NeYFqtwyuO4ZKA==",
            "requires": {
                "@babel/runtime": "^7.0.0",
                "hammerjs": "^2.0.8"
            }
        },
        "murmurhash-js": {
            "version": "1.0.0",
            "resolved": "https://registry.npmjs.org/murmurhash-js/-/murmurhash-js-1.0.0.tgz",
            "integrity": "sha1-sGJ44h/Gw3+lMTcysEEry2rhX1E="
        },
        "object-assign": {
            "version": "4.1.1",
            "resolved": "https://registry.npmjs.org/object-assign/-/object-assign-4.1.1.tgz",
            "integrity": "sha1-IQmtx5ZYh8/AXLvUQsrIv7s2CGM="
        },
        "pbf": {
            "version": "3.2.1",
            "resolved": "https://registry.npmjs.org/pbf/-/pbf-3.2.1.tgz",
            "integrity": "sha512-ClrV7pNOn7rtmoQVF4TS1vyU0WhYRnP92fzbfF75jAIwpnzdJXf8iTd4CMEqO4yUenH6NDqLiwjqlh6QgZzgLQ==",
            "requires": {
                "ieee754": "^1.1.12",
                "resolve-protobuf-schema": "^2.1.0"
            }
        },
        "potpack": {
            "version": "1.0.1",
            "resolved": "https://registry.npmjs.org/potpack/-/potpack-1.0.1.tgz",
            "integrity": "sha512-15vItUAbViaYrmaB/Pbw7z6qX2xENbFSTA7Ii4tgbPtasxm5v6ryKhKtL91tpWovDJzTiZqdwzhcFBCwiMVdVw=="
        },
        "probe.gl": {
            "version": "3.3.0",
            "resolved": "https://registry.npmjs.org/probe.gl/-/probe.gl-3.3.0.tgz",
            "integrity": "sha512-59E6AEw4N8sU4PKfAl7S2UBYJCOa064WpEFcXfeFOB/36FJtplYY+261DqLjLAvOqRRHiKVEQUBo63PQ3jKeWA==",
            "requires": {
                "@babel/runtime": "^7.0.0",
                "@probe.gl/stats": "3.3.0"
            }
        },
        "prop-types": {
            "version": "15.7.2",
            "resolved": "https://registry.npmjs.org/prop-types/-/prop-types-15.7.2.tgz",
            "integrity": "sha512-8QQikdH7//R2vurIJSutZ1smHYTcLpRWEOlHnzcWHmBYrOGUysKwSsrC89BCiFj3CbrfJ/nXFdJepOVrY1GCHQ==",
            "requires": {
                "loose-envify": "^1.4.0",
                "object-assign": "^4.1.1",
                "react-is": "^16.8.1"
            }
        },
        "protocol-buffers-schema": {
            "version": "3.4.0",
            "resolved": "https://registry.npmjs.org/protocol-buffers-schema/-/protocol-buffers-schema-3.4.0.tgz",
            "integrity": "sha512-G/2kcamPF2S49W5yaMGdIpkG6+5wZF0fzBteLKgEHjbNzqjZQ85aAs1iJGto31EJaSTkNvHs5IXuHSaTLWBAiA=="
        },
        "quickselect": {
            "version": "2.0.0",
            "resolved": "https://registry.npmjs.org/quickselect/-/quickselect-2.0.0.tgz",
            "integrity": "sha512-RKJ22hX8mHe3Y6wH/N3wCM6BWtjaxIyyUIkpHOvfFnxdI4yD4tBXEBKSbriGujF6jnSVkJrffuo6vxACiSSxIw=="
        },
        "react-is": {
            "version": "16.13.1",
            "resolved": "https://registry.npmjs.org/react-is/-/react-is-16.13.1.tgz",
            "integrity": "sha512-24e6ynE2H+OKt4kqsOvNd8kBpV65zoxbA4BVsEOB3ARVWQki/DHzaUoC5KuON/BiccDaCCTZBuOcfZs70kR8bQ=="
        },
        "react-map-gl": {
            "version": "5.2.0",
            "resolved": "https://registry.npmjs.org/react-map-gl/-/react-map-gl-5.2.0.tgz",
            "integrity": "sha512-INBV8BGVLYQ1y4JECUhkzwN7os625Zanm3tckA590hDLhIGnS+TjWhTns5p5UqrwkxWu4ddqYLAcYyx63UJEXA==",
            "requires": {
                "@babel/runtime": "^7.0.0",
                "mapbox-gl": "^1.0.0",
                "mjolnir.js": "^2.2.0",
                "prop-types": "^15.7.2",
                "react-virtualized-auto-sizer": "^1.0.2",
                "viewport-mercator-project": "^6.2.3 || ^7.0.1"
            },
            "dependencies": {
                "viewport-mercator-project": {
                    "version": "7.0.1",
                    "resolved": "https://registry.npmjs.org/viewport-mercator-project/-/viewport-mercator-project-7.0.1.tgz",
                    "integrity": "sha512-WKTuTL7o6WKdPQ+gmZhlXL7UpSdCdPUjxkDTBd/3AayBdAFSQGHxsqdbmPBvmoGwvo9KWo/30HTkNo/Z7ORJpw==",
                    "requires": {
                        "@math.gl/web-mercator": "^3.1.3"
                    }
                }
            }
        },
        "react-virtualized-auto-sizer": {
            "version": "1.0.2",
            "resolved": "https://registry.npmjs.org/react-virtualized-auto-sizer/-/react-virtualized-auto-sizer-1.0.2.tgz",
            "integrity": "sha512-MYXhTY1BZpdJFjUovvYHVBmkq79szK/k7V3MO+36gJkWGkrXKtyr4vCPtpphaTLRAdDNoYEYFZWE8LjN+PIHNg=="
        },
        "readable-stream": {
            "version": "3.6.0",
            "resolved": "https://registry.npmjs.org/readable-stream/-/readable-stream-3.6.0.tgz",
            "integrity": "sha512-BViHy7LKeTz4oNnkcLJ+lVSL6vpiFeX6/d3oSH8zCW7UxP2onchk+vTGB143xuFjHS3deTgkKoXXymXqymiIdA==",
            "requires": {
                "inherits": "^2.0.3",
                "string_decoder": "^1.1.1",
                "util-deprecate": "^1.0.1"
            }
        },
        "regenerator-runtime": {
            "version": "0.13.7",
            "resolved": "https://registry.npmjs.org/regenerator-runtime/-/regenerator-runtime-0.13.7.tgz",
            "integrity": "sha512-a54FxoJDIr27pgf7IgeQGxmqUNYrcV338lf/6gH456HZ/PhX+5BcwHXG9ajESmwe6WRO0tAzRUrRmNONWgkrew=="
        },
        "resolve-protobuf-schema": {
            "version": "2.1.0",
            "resolved": "https://registry.npmjs.org/resolve-protobuf-schema/-/resolve-protobuf-schema-2.1.0.tgz",
            "integrity": "sha512-kI5ffTiZWmJaS/huM8wZfEMer1eRd7oJQhDuxeCLe3t7N7mX3z94CN0xPxBQxFYQTSNz9T0i+v6inKqSdK8xrQ==",
            "requires": {
                "protocol-buffers-schema": "^3.3.1"
            }
        },
        "rw": {
            "version": "1.3.3",
            "resolved": "https://registry.npmjs.org/rw/-/rw-1.3.3.tgz",
            "integrity": "sha1-P4Yt+pGrdmsUiF700BEkv9oHT7Q="
        },
        "s2-geometry": {
            "version": "1.2.10",
            "resolved": "https://registry.npmjs.org/s2-geometry/-/s2-geometry-1.2.10.tgz",
            "integrity": "sha1-xv8i8+zK/Q7qSRtgtEwUG5iHrKs=",
            "requires": {
                "long": "^3.2.0"
            }
        },
        "safe-buffer": {
            "version": "5.2.1",
            "resolved": "https://registry.npmjs.org/safe-buffer/-/safe-buffer-5.2.1.tgz",
            "integrity": "sha512-rp3So07KcdmmKbGvgaNxQSJr7bGVSVk5S9Eq1F+ppbRo70+YeaDxkw5Dd8NPN+GD6bjnYm2VuPuCXmpuYvmCXQ=="
        },
        "safer-buffer": {
            "version": "2.1.2",
            "resolved": "https://registry.npmjs.org/safer-buffer/-/safer-buffer-2.1.2.tgz",
            "integrity": "sha512-YZo3K82SD7Riyi0E1EQPojLz7kpepnSQI9IyPbHHg1XXXevb5dJI7tpyN2ADxGcQbHG7vcyRHk0cbwqcQriUtg=="
        },
        "seer": {
            "version": "0.2.5",
            "resolved": "https://registry.npmjs.org/seer/-/seer-0.2.5.tgz",
            "integrity": "sha512-//0Zwt0x97KQhIWrp4oq9AVNvGA2ctCx4dmFddpkORjRr6bW+hyC8eOhWBVIhiU3uHv1XLU1dekfFKOi28RGHA=="
        },
        "string_decoder": {
            "version": "1.3.0",
            "resolved": "https://registry.npmjs.org/string_decoder/-/string_decoder-1.3.0.tgz",
            "integrity": "sha512-hkRX8U1WjJFd8LsDJ2yQ/wWWxaopEsABU1XfkM8A+j0+85JAGppt16cr1Whg6KIbb4okU6Mql6BOj+uup/wKeA==",
            "requires": {
                "safe-buffer": "~5.2.0"
            }
        },
        "supercluster": {
            "version": "7.1.0",
            "resolved": "https://registry.npmjs.org/supercluster/-/supercluster-7.1.0.tgz",
            "integrity": "sha512-LDasImUAFMhTqhK+cUXfy9C2KTUqJ3gucLjmNLNFmKWOnDUBxLFLH9oKuXOTCLveecmxh8fbk8kgh6Q0gsfe2w==",
            "requires": {
                "kdbush": "^3.0.0"
            }
        },
        "tinyqueue": {
            "version": "2.0.3",
            "resolved": "https://registry.npmjs.org/tinyqueue/-/tinyqueue-2.0.3.tgz",
            "integrity": "sha512-ppJZNDuKGgxzkHihX8v9v9G5f+18gzaTfrukGrq6ueg0lmH4nqVnA2IPG0AEH3jKEk2GRJCUhDoqpoiw3PHLBA=="
        },
        "typedarray": {
            "version": "0.0.6",
            "resolved": "https://registry.npmjs.org/typedarray/-/typedarray-0.0.6.tgz",
            "integrity": "sha1-hnrHTjhkGHsdPUfZlqeOxciDB3c="
        },
        "typescript": {
            "version": "3.7.4",
            "resolved": "https://registry.npmjs.org/typescript/-/typescript-3.7.4.tgz",
            "integrity": "sha512-A25xv5XCtarLwXpcDNZzCGvW2D1S3/bACratYBx2sax8PefsFhlYmkQicKHvpYflFS8if4zne5zT5kpJ7pzuvw==",
            "dev": true
        },
        "universalify": {
            "version": "0.1.2",
            "resolved": "https://registry.npmjs.org/universalify/-/universalify-0.1.2.tgz",
            "integrity": "sha512-rBJeI5CXAlmy1pV+617WB9J63U6XcazHHF2f2dbJix4XzpUF0RS3Zbj0FGIOCAva5P/d/GBOYaACQ1w+0azUkg==",
            "dev": true
        },
        "util-deprecate": {
            "version": "1.0.2",
            "resolved": "https://registry.npmjs.org/util-deprecate/-/util-deprecate-1.0.2.tgz",
            "integrity": "sha1-RQ1Nyfpw3nMnYvvS1KKJgUGaDM8="
        },
        "viewport-mercator-project": {
            "version": "7.0.0",
            "resolved": "https://registry.npmjs.org/viewport-mercator-project/-/viewport-mercator-project-7.0.0.tgz",
            "integrity": "sha512-mjXPVKrqg672yxmbYV9qcwczay4p/gsMvxpQPtZtA6N3YDmYBzX2enDvW4b1bk6dKUCM8hc6xi26INoaLLncKw==",
            "dev": true,
            "requires": {
                "@math.gl/web-mercator": "^3.1.0"
            }
        },
        "vt-pbf": {
            "version": "3.1.1",
            "resolved": "https://registry.npmjs.org/vt-pbf/-/vt-pbf-3.1.1.tgz",
            "integrity": "sha512-pHjWdrIoxurpmTcbfBWXaPwSmtPAHS105253P1qyEfSTV2HJddqjM+kIHquaT/L6lVJIk9ltTGc0IxR/G47hYA==",
            "requires": {
                "@mapbox/point-geometry": "0.1.0",
                "@mapbox/vector-tile": "^1.3.1",
                "pbf": "^3.0.5"
            }
        }
    }
}
